
Microsoft Visual Studio Solution File, Format Version 12.00
# Visual Studio Version 17
VisualStudioVersion = 17.3.32901.215
MinimumVisualStudioVersion = 10.0.40219.1
Project("{9A19103F-16F7-4668-BE54-9A1E7A4F7556}") = "FirstProject", "FirstProject\FirstProject.csproj", "{6B3845A1-19D8-4277-AFEA-09C97C70E81E}"
EndProject
Project("{9A19103F-16F7-4668-BE54-9A1E7A4F7556}") = "Variables", "Variables\Variables.csproj", "{00ED26DD-FCAF-4A3F-891E-55BA81575A5E}"
EndProject
Project("{9A19103F-16F7-4668-BE54-9A1E7A4F7556}") = "Methods", "Methods\Methods.csproj", "{46D6E3EC-2296-49D4-BE01-BAFD84F1A14C}"
EndProject
Project("{9A19103F-16F7-4668-BE54-9A1E7A4F7556}") = "ClassObjectInstance", "ClassObjectInstance\ClassObjectInstance.csproj", "{2E3124AC-07CF-40D6-AF1B-8547015EACE1}"
EndProject
Project("{FAE04EC0-301F-11D3-BF4B-00C04F79EFBC}") = "Example01_ClassObjectInstance", "Example01_ClassObjectInstance\Example01_ClassObjectInstance.csproj", "{C4458E50-E155-4E6F-9546-75554CAF8BC2}"
EndProject
Global
	GlobalSection(SolutionConfigurationPlatforms) = preSolution
		Debug|Any CPU = Debug|Any CPU
		Release|Any CPU = Release|Any CPU
	EndGlobalSection
	GlobalSection(ProjectConfigurationPlatforms) = postSolution
		{6B3845A1-19D8-4277-AFEA-09C97C70E81E}.Debug|Any CPU.ActiveCfg = Debug|Any CPU
		{6B3845A1-19D8-4277-AFEA-09C97C70E81E}.Debug|Any CPU.Build.0 = Debug|Any CPU
		{6B3845A1-19D8-4277-AFEA-09C97C70E81E}.Release|Any CPU.ActiveCfg = Release|Any CPU
		{6B3845A1-19D8-4277-AFEA-09C97C70E81E}.Release|Any CPU.Build.0 = Release|Any CPU
		{00ED26DD-FCAF-4A3F-891E-55BA81575A5E}.Debug|Any CPU.ActiveCfg = Debug|Any CPU
		{00ED26DD-FCAF-4A3F-891E-55BA81575A5E}.Debug|Any CPU.Build.0 = Debug|Any CPU
		{00ED26DD-FCAF-4A3F-891E-55BA81575A5E}.Release|Any CPU.ActiveCfg = Release|Any CPU
		{00ED26DD-FCAF-4A3F-891E-55BA81575A5E}.Release|Any CPU.Build.0 = Release|Any CPU
		{46D6E3EC-2296-49D4-BE01-BAFD84F1A14C}.Debug|Any CPU.ActiveCfg = Debug|Any CPU
		{46D6E3EC-2296-49D4-BE01-BAFD84F1A14C}.Debug|Any CPU.Build.0 = Debug|Any CPU
		{46D6E3EC-2296-49D4-BE01-BAFD84F1A14C}.Release|Any CPU.ActiveCfg = Release|Any CPU
		{46D6E3EC-2296-49D4-BE01-BAFD84F1A14C}.Release|Any CPU.Build.0 = Release|Any CPU
		{2E3124AC-07CF-40D6-AF1B-8547015EACE1}.Debug|Any CPU.ActiveCfg = Debug|Any CPU
		{2E3124AC-07CF-40D6-AF1B-8547015EACE1}.Debug|Any CPU.Build.0 = Debug|Any CPU
		{2E3124AC-07CF-40D6-AF1B-8547015EACE1}.Release|Any CPU.ActiveCfg = Release|Any CPU
		{2E3124AC-07CF-40D6-AF1B-8547015EACE1}.Release|Any CPU.Build.0 = Release|Any CPU
		{C4458E50-E155-4E6F-9546-75554CAF8BC2}.Debug|Any CPU.ActiveCfg = Debug|Any CPU
		{C4458E50-E155-4E6F-9546-75554CAF8BC2}.Debug|Any CPU.Build.0 = Debug|Any CPU
		{C4458E50-E155-4E6F-9546-75554CAF8BC2}.Release|Any CPU.ActiveCfg = Release|Any CPU
		{C4458E50-E155-4E6F-9546-75554CAF8BC2}.Release|Any CPU.Build.0 = Release|Any CPU
	EndGlobalSection
	GlobalSection(SolutionProperties) = preSolution
		HideSolutionNode = FALSE
	EndGlobalSection
	GlobalSection(ExtensibilityGlobals) = postSolution
		SolutionGuid = {C94680DE-E15A-4A84-8E63-336D8D3541F1}
	EndGlobalSection
EndGlobal
